
Microsoft Visual Studio Solution File, Format Version 12.00
# Visual Studio Version 16
VisualStudioVersion = 25.0.1706.7
MinimumVisualStudioVersion = 10.0.40219.1
Project("{FAE04EC0-301F-11D3-BF4B-00C04F79EFBC}") = "RCGTestBackend.Application", "RCGTestBackend.Application\RCGTestBackend.Application.csproj", "{AFD6A04F-BD5A-4396-9758-A97197A0FF89}"
EndProject
Project("{FAE04EC0-301F-11D3-BF4B-00C04F79EFBC}") = "RCGTestBackend.Domain", "RCGTestBackend.Domain\RCGTestBackend.Domain.csproj", "{122D529E-B9BC-43ED-922C-A15BFD4D27DC}"
EndProject
Project("{FAE04EC0-301F-11D3-BF4B-00C04F79EFBC}") = "RCGTestBackend.Tests", "RCGTestBackend.Tests\RCGTestBackend.Tests.csproj", "{C43E5D6B-6B58-4CE9-8BC0-C7F6589977F6}"
EndProject
Project("{FAE04EC0-301F-11D3-BF4B-00C04F79EFBC}") = "RCGTestBackend.API", "RCGTestBackend.API\RCGTestBackend.API.csproj", "{4E4AF554-1EFE-4065-8481-2029DA412376}"
EndProject
Global
	GlobalSection(SolutionConfigurationPlatforms) = preSolution
		Debug|Any CPU = Debug|Any CPU
		Release|Any CPU = Release|Any CPU
	EndGlobalSection
	GlobalSection(ProjectConfigurationPlatforms) = postSolution
		{AFD6A04F-BD5A-4396-9758-A97197A0FF89}.Debug|Any CPU.ActiveCfg = Debug|Any CPU
		{AFD6A04F-BD5A-4396-9758-A97197A0FF89}.Debug|Any CPU.Build.0 = Debug|Any CPU
		{AFD6A04F-BD5A-4396-9758-A97197A0FF89}.Release|Any CPU.ActiveCfg = Release|Any CPU
		{AFD6A04F-BD5A-4396-9758-A97197A0FF89}.Release|Any CPU.Build.0 = Release|Any CPU
		{122D529E-B9BC-43ED-922C-A15BFD4D27DC}.Debug|Any CPU.ActiveCfg = Debug|Any CPU
		{122D529E-B9BC-43ED-922C-A15BFD4D27DC}.Debug|Any CPU.Build.0 = Debug|Any CPU
		{122D529E-B9BC-43ED-922C-A15BFD4D27DC}.Release|Any CPU.ActiveCfg = Release|Any CPU
		{122D529E-B9BC-43ED-922C-A15BFD4D27DC}.Release|Any CPU.Build.0 = Release|Any CPU
		{C43E5D6B-6B58-4CE9-8BC0-C7F6589977F6}.Debug|Any CPU.ActiveCfg = Debug|Any CPU
		{C43E5D6B-6B58-4CE9-8BC0-C7F6589977F6}.Debug|Any CPU.Build.0 = Debug|Any CPU
		{C43E5D6B-6B58-4CE9-8BC0-C7F6589977F6}.Release|Any CPU.ActiveCfg = Release|Any CPU
		{C43E5D6B-6B58-4CE9-8BC0-C7F6589977F6}.Release|Any CPU.Build.0 = Release|Any CPU
		{4E4AF554-1EFE-4065-8481-2029DA412376}.Debug|Any CPU.ActiveCfg = Debug|Any CPU
		{4E4AF554-1EFE-4065-8481-2029DA412376}.Debug|Any CPU.Build.0 = Debug|Any CPU
		{4E4AF554-1EFE-4065-8481-2029DA412376}.Release|Any CPU.ActiveCfg = Release|Any CPU
		{4E4AF554-1EFE-4065-8481-2029DA412376}.Release|Any CPU.Build.0 = Release|Any CPU
	EndGlobalSection
	GlobalSection(SolutionProperties) = preSolution
		HideSolutionNode = FALSE
	EndGlobalSection
	GlobalSection(ExtensibilityGlobals) = postSolution
		SolutionGuid = {417C1C99-D77B-483F-A1CD-20CCF680684F}
	EndGlobalSection
EndGlobal
